# This file was autogenerated by Stack.
# You should not edit this file by hand.
# For more information, please see the documentation at:
#   https://docs.haskellstack.org/en/stable/lock_files

packages:
- completed:
    hackage: random-extras-0.19@sha256:52579ee8653b17d8b19fb54833ecbab8df47b6cf61a77c9614df0c3155441d29,1137
    pantry-tree:
      size: 552
      sha256: 61daee57c0c3e55cb1056176c917bedb3b42315c023398c3f83c9bd75b5e891e
  original:
    hackage: random-extras-0.19@sha256:52579ee8653b17d8b19fb54833ecbab8df47b6cf61a77c9614df0c3155441d29,1137
- completed:
    hackage: random-fu-0.2.7.4@sha256:5b5cd338ebbf02ff867691ec27abe481158fb2ae161c3e2e77163434eea0008a,4527
    pantry-tree:
      size: 2455
      sha256: b8b0f7e60515305dd2ccb3d8fb03e7efd985addcdf247ac9a522f4bcbe1d1caa
  original:
    hackage: random-fu-0.2.7.4@sha256:5b5cd338ebbf02ff867691ec27abe481158fb2ae161c3e2e77163434eea0008a,4527
- completed:
    hackage: random-source-0.3.0.8@sha256:db1897e13adb4748d571a8e71fb0c38911ae66ea2557d4def7c30378a0ae2f69,3879
    pantry-tree:
      size: 914
      sha256: 3f27fb10fa6f7c78a2256069579ad46c390ed6cc98203ff4240a30ab3065126f
  original:
    hackage: random-source-0.3.0.8@sha256:db1897e13adb4748d571a8e71fb0c38911ae66ea2557d4def7c30378a0ae2f69,3879
- completed:
    hackage: rvar-0.2.0.4@sha256:8ce31c8eb78e9800b57fce23b3a391e9bb46021c901440c37e472c4c887b74f5,2280
    pantry-tree:
      size: 158
      sha256: b2df17d0c59d7216db0a65228c3e5cf0bd6d0946c2cc7751e01067ba29f40b6b
  original:
    hackage: rvar-0.2.0.4@sha256:8ce31c8eb78e9800b57fce23b3a391e9bb46021c901440c37e472c4c887b74f5,2280
- completed:
    hackage: flexible-defaults-0.0.3@sha256:6a7ab000561e1075003cb1053dfbbb4020ae2b02916776d1479c9c3fc82f5d0d,2508
    pantry-tree:
      size: 497
      sha256: 53d8b98b9e899d63f7e464670e908f6eb22d8a5ba0b6ea48182fb810b426f0f8
  original:
    hackage: flexible-defaults-0.0.3@sha256:6a7ab000561e1075003cb1053dfbbb4020ae2b02916776d1479c9c3fc82f5d0d,2508
- completed:
    hackage: STMonadTrans-0.4.4@sha256:437eec4fdf5f56e9cd4360e08ed7f8f9f5f02ff3f1d634a14dbc71e890035387,1946
    pantry-tree:
      size: 403
      sha256: 60c7ae0e1d9efb768ed969eda689adef56385712403e97ac2440ff7410216234
  original:
    hackage: STMonadTrans-0.4.4@sha256:437eec4fdf5f56e9cd4360e08ed7f8f9f5f02ff3f1d634a14dbc71e890035387,1946
snapshots:
- completed:
    size: 531237
    url: https://raw.githubusercontent.com/commercialhaskell/stackage-snapshots/master/lts/16/0.yaml
    sha256: 210e15b7043e2783115afe16b0d54914b1611cdaa73f3ca3ca7f8e0847ff54e5
  original: lts-16.0
